PODS:
  - HaishinKit (1.1.5):
    - Logboard (~> 2.2.1)
  - Logboard (2.2.2)

DEPENDENCIES:
  - HaishinKit (~> 1.1.5)

SPEC REPOS:
  trunk:
    - HaishinKit
    - Logboard

SPEC CHECKSUMS:
  HaishinKit: 5cf385a823dee6b299404877edf418974422bf9f
  Logboard: 0ab6bbd984ed032b3f0b615cef06779a73445c80

PODFILE CHECKSUM: 0e8515f4d1c0f9c47d960a45ef4f892af81755c3

COCOAPODS: 1.11.2
