{
  "pins" : [
    {
      "identity" : "haishinkit.swift",
      "kind" : "remoteSourceControl",
      "location" : "https://github.com/shogo4405/HaishinKit.swift",
      "state" : {
        "branch" : "main",
        "revision" : "ae178092db4e82ad47e239a8ee9787adf83219ad"
      }
    },
    {
      "identity" : "logboard",
      "kind" : "remoteSourceControl",
      "location" : "https://github.com/shogo4405/Logboard.git",
      "state" : {
        "revision" : "8cc7656b07e4d327fae42e1320e2e48b8868e3f6",
        "version" : "2.2.2"
      }
    }
  ],
  "version" : 2
}
